
Microsoft Visual Studio Solution File, Format Version 12.00
# Visual Studio Version 17
VisualStudioVersion = 17.0.31919.166
MinimumVisualStudioVersion = 10.0.40219.1
Project("{FAE04EC0-301F-11D3-BF4B-00C04F79EFBC}") = "move", "move\move.csproj", "{F83B05EF-CB96-4376-8225-DA6814EACC65}"
EndProject
Global
	GlobalSection(SolutionConfigurationPlatforms) = preSolution
		Debug|Any CPU = Debug|Any CPU
		Release|Any CPU = Release|Any CPU
	EndGlobalSection
	GlobalSection(ProjectConfigurationPlatforms) = postSolution
		{F83B05EF-CB96-4376-8225-DA6814EACC65}.Debug|Any CPU.ActiveCfg = Debug|Any CPU
		{F83B05EF-CB96-4376-8225-DA6814EACC65}.Debug|Any CPU.Build.0 = Debug|Any CPU
		{F83B05EF-CB96-4376-8225-DA6814EACC65}.Release|Any CPU.ActiveCfg = Release|Any CPU
		{F83B05EF-CB96-4376-8225-DA6814EACC65}.Release|Any CPU.Build.0 = Release|Any CPU
	EndGlobalSection
	GlobalSection(SolutionProperties) = preSolution
		HideSolutionNode = FALSE
	EndGlobalSection
	GlobalSection(ExtensibilityGlobals) = postSolution
		SolutionGuid = {107BEE0D-B0EE-4BCE-8060-4133B0BFA3DB}
	EndGlobalSection
EndGlobal
